{
  "name": "Cena_Cumplicidades_2024",
  "lockfileVersion": 3,
  "requires": true,
  "packages": {
    "": {
      "dependencies": {
        "jarallax": "^2.2.1",
        "smooth-scroll": "^16.1.3",
        "swiper": "^11.1.14"
      }
    },
    "node_modules/jarallax": {
      "version": "2.2.1",
      "resolved": "https://registry.npmjs.org/jarallax/-/jarallax-2.2.1.tgz",
      "integrity": "sha512-O4pqiWGp856cTGG5uBG9b0Uk7AIRmfFCVisRwgpICsG2xyIRnUrVbx4SIbpzUDAhkD00jdjBiqb1bZPTkHi1vQ==",
      "license": "MIT",
      "dependencies": {
        "video-worker": "^2.2.0"
      }
    },
    "node_modules/smooth-scroll": {
      "version": "16.1.3",
      "resolved": "https://registry.npmjs.org/smooth-scroll/-/smooth-scroll-16.1.3.tgz",
      "integrity": "sha512-ca9U+neJS/cbdScTBuUTCZvUWNF2EuMCk7oAx3ImdeRK5FPm+xRo9XsVHIkeEVkn7MBRx+ufVEhyveM4ZhaTGA==",
      "license": "MIT"
    },
    "node_modules/swiper": {
      "version": "11.1.14",
      "resolved": "https://registry.npmjs.org/swiper/-/swiper-11.1.14.tgz",
      "integrity": "sha512-VbQLQXC04io6AoAjIUWuZwW4MSYozkcP9KjLdrsG/00Q/yiwvhz9RQyt0nHXV10hi9NVnDNy1/wv7Dzq1lkOCQ==",
      "funding": [
        {
          "type": "patreon",
          "url": "https://www.patreon.com/swiperjs"
        },
        {
          "type": "open_collective",
          "url": "http://opencollective.com/swiper"
        }
      ],
      "license": "MIT",
      "engines": {
        "node": ">= 4.7.0"
      }
    },
    "node_modules/video-worker": {
      "version": "2.2.0",
      "resolved": "https://registry.npmjs.org/video-worker/-/video-worker-2.2.0.tgz",
      "integrity": "sha512-bjdpCArfD/kvt3HBU2sJUEEFq+6HjIufKXL2NojWswInxalJwR5yh/cgaGismHS8PAe5hx+W0GfrFqlxJTfI/w==",
      "license": "MIT"
    }
  }
}
